# Generated from uv.lock by scripts/backend_artifacts.py. Do not edit.
annotated-types==0.8.0 \
    --hash=sha256:13b2beaad985e05e2d6407ee4c4f35590b11f8d693a258a561055cac8f64cab7 \
    --hash=sha256:f072f4d804ea359e4eaf198b1af7a8b0943881a87f31bb764f8bf219bb9419e0
anyio==4.14.2 \
    --hash=sha256:9f505dda5ac9f0c8309b5e8bd445a8c2bf7246f3ce950121e45ea15bc41d1494 \
    --hash=sha256:cfa139f3ed1a23ee8f88a145ddb5ac7605b8bbfd8592baacd7ce3d8bb4313c7f
certifi==2026.7.22 \
    --hash=sha256:62f22742b58a1a33014a2b6b706588a8d7e2a88ae7bd1a6ebe8c992928483775 \
    --hash=sha256:741e2c3b351ddf169a738da9f2c048608ff7f2c5cc02f1ebc6b118bb090d5d55
cffi==2.1.1 ; platform_python_implementation != 'PyPy' \
    --hash=sha256:06c72bb76605a4b0cd0aad6930b69d4baf7dd5d806cfc409b824191099700e66 \
    --hash=sha256:0beceaabe56af686895136a2de78db54ecd8e4046b236b8fd6d6cb61389e9bf2 \
    --hash=sha256:19ee6127ee34de7d83ce3d371ebc5ed91addbdcc39f9ab15ce4eb35a4e534971 \
    --hash=sha256:1a18a57b58cfb21fc28d72e876acf10eaed67a1ed96226f92af4df681d571c4c \
    --hash=sha256:1aa5645c30469b09530c4ebca77ebf8f17618293c58f8549cb1a543a50236e7d \
    --hash=sha256:246fa40ce8645a614ff682e0b70f37134e460eaf93a775e0cbe3cca585a67a80 \
    --hash=sha256:25792eac27877609e7bb06d42ff88278a6624fff2ba9bbb523c09616b117e80f \
    --hash=sha256:27350daa11d4f10c540e6e89dada4c54feb7256ad03e9a4dc075ebad7ba360d1 \
    --hash=sha256:28907ab9bfb6aa13184cfc17c6b8e1023c5ab6fd7076d8c20a35e59fe04f8f29 \
    --hash=sha256:2ae64be792b8966f2c69538199728b290e34726562896df1e5dc8ffd8d8188e8 \
    --hash=sha256:31348097ff5bbe827ccc41795d4dd099d9f0625e7def00ee653c137a490c2a6c \
    --hash=sha256:3222ba5d678f80a030e6afbcc33dc1ae5cb45facabb61cee2c7016b8432fde48 \
    --hash=sha256:334644fbac4eff73d985a17a91226df55d0f394160c4cfb880e084c8f7161cac \
    --hash=sha256:363e05fa78e15116c3c32c210ee36884fd6b9afa6d440e47112c3bd511d64cb6 \
    --hash=sha256:42a494cee34437f05546455144f2b5d9ac09b1face62bcfce597d2e521066688 \
    --hash=sha256:456a61fa52d579ebf9df2e9552ead5129855dbaff6c1e5a9b1bc408809bdc062 \
    --hash=sha256:471cee653ae88de62096552e6d24ccb4a5adb8c8c9f10b5054d0122c15bf2779 \
    --hash=sha256:49cbc70e6542d4ccccb936558d1064a8012541e78f821f955cff24e357776c94 \
    --hash=sha256:4be96343e422f2dfcd12ab5c9f5aebe03f82f737c6bffeca6830b3875cb44aab \
    --hash=sha256:4f42141fc14250de6dde5ee7ea4432be017252d91f19c5ad043c084cea629cac \
    --hash=sha256:507a24c282e0f42f8ed737cf048572cbf580468da5555764a8331735e9c736b6 \
    --hash=sha256:51b31d1c98274844cfd7838ce00bfc27c7423a4dc00fc0772fc3331c2cc90676 \
    --hash=sha256:58acb8ab8e295e6c5ea12f888cbb13cf21511ef2a3303a23f4325c29d17fe5c1 \
    --hash=sha256:5c58fe613dc5e5336357eff555824a314d8e43282600435c8d1cb6a7a2fedd13 \
    --hash=sha256:5e7cecbaadb83884793e05828cee59b210b24583b9c7425d0ba6a754fe22eb4e \
    --hash=sha256:616f097f2fe415bc92a247f02e11f634e1f9e9a83d327e3c915c15089c87869e \
    --hash=sha256:63bbfd5ded17c4840ac07cd8f1c21ba9d9708141f840b324f422f41b207e3973 \
    --hash=sha256:64faea20f4e2613363a1a9b9c7dd73058f3ecd00133a511e72ad7c511658f527 \
    --hash=sha256:661c298b4821edebead0c91edd2b00374d67ad7c5a1f7a91d4442633b79d6a72 \
    --hash=sha256:6a8dddef476fab96d066d578fc88526767b836ab5ab21754e1d5bf3879c31c7c \
    --hash=sha256:770de9db11e84213beec501cfcaa013b019820ca881e03344dea5844f7876d94 \
    --hash=sha256:7750c6449dff7864bb9bb27ddfb0267756189201a3afc911d82b3caacd70dfc3 \
    --hash=sha256:7da0c5eff80f0197f3b3d1232ec5a682a9325f4ae9016a78f5f5ca35f9ced1f5 \
    --hash=sha256:7dbb61fe3a7699468030f71bbe5f8a0e326a151daa91beb11a6fc1f980c55e1c \
    --hash=sha256:8ef53b2de9bcb9197d31854256575d59dbac0cba72ac627bb291ef5eceb74be4 \
    --hash=sha256:937c0052c05a31ca1daf18de3158eed4dbfcb9cc107adbea227728d647be701e \
    --hash=sha256:9d2055050ea716bd38b7f7f1579c275386646b4894c155a3e2f3cd62ed41b7c6 \
    --hash=sha256:a2d7755bef5a12ed488f4ef1f1b69ee9191d7396083b755a5d2295f6edb4768b \
    --hash=sha256:a4f00aa42f75d6e4595e8866e748cc1705adc0cddfeb2ca86d0d03993d63ba03 \
    --hash=sha256:a730a083190634c65cca36ba5f489531576ebd79bcd5c8e172130f6453127231 \
    --hash=sha256:a931079504ecc49efed7744c476a5c343a92fabf66dec2db95edb1b2fdc770e2 \
    --hash=sha256:aa9511c62d14da7aacc9b4bf51f3f697a621e83b2d6919008243c3aad168eea3 \
    --hash=sha256:ab36d55f9ed2d067327667c2fea18dda018eb628dd6347aa01dda6cf1f5d3836 \
    --hash=sha256:ad2c86c495b899d862ea0f4b42891b8713a3bd45dd4105c7fd51c2a72f39f3a5 \
    --hash=sha256:aeae0e330c9f6acd681f647d46cefd30c29f93e3392882e792e82080c9691399 \
    --hash=sha256:b0431303acaea1089ad4b3e9ce4e6518193def1118d4073ca848635ee4ea2e96 \
    --hash=sha256:b5bdfd1c873d4e093aabc0ca84c4ca6dbc4f752afb5c86f146d9742580c9da2e \
    --hash=sha256:c26608d2222fb1e94487e4a387d85f13eb55d5ed725cb25a0c589ac4ee60e7bc \
    --hash=sha256:cc572dace3f60ef98d7b12ff411d20f5362feb31a0439eab0085bbfd349982d7 \
    --hash=sha256:d18e5ac0f2f03f4f518d3e23db0f0cad7faa1da8620e9c09461d443bbf6e6692 \
    --hash=sha256:d28630f5854ab07ab1fd4aba756de52326c82e6be15d414b12793f1975048b54 \
    --hash=sha256:d9c275eaacd24aa73f94ffd6de08fc3f932424d8b6c376f4bed7cde376fe7bc3 \
    --hash=sha256:da0e573f9f97159390c89d9f1a9e41908b66d408cc5b58d08cf3847d844c531b \
    --hash=sha256:dd31f52ea1086513bb9df30f8fcee9b8918323ae067a3d5b78bc826a000712be \
    --hash=sha256:dddad92b554513a31f272570678ba307fb9f618f05e3d4a5eacafff9eae03e1d \
    --hash=sha256:df423d40ee8654634421812bc3b196da3f9bd7d32929da813f8394c4348a5358 \
    --hash=sha256:e0bcb7e0f677f543555d2adff3bf19c05f66cdb4796e5ff602442ab2fe3c4ef7 \
    --hash=sha256:e2d65b31f36619cda3999b78b2aa9632e76b78448e7a56fc4240824200e7c4fc \
    --hash=sha256:e6e8cff14d6fb0be70a09c0bdc58096f501952d04624ebf867e0e56da2df8960 \
    --hash=sha256:f16c709686a78c727bbbf059f92b0bf41c6fc60deec706d2dc19f529175a6125 \
    --hash=sha256:f24fb43132a4c6b4cb4eb029492919b2db645be6808d738f244fd146c03c32cb \
    --hash=sha256:fb92203a88b3d3053034db775110081c49d28be6551923805e039924093761e4 \
    --hash=sha256:fcd22650c908d7b7da162bbfaab594a1227a15d1643a98c68b122ac642fa2264
charset-normalizer==3.4.9 \
    --hash=sha256:0327fcd59a935777d83410750c50600ee9571af2846f71ce40f25b13da1ef380 \
    --hash=sha256:0d861473f743244d349b50f850d10eb87aeb22bbdcc8e64f79273c94af5a8226 \
    --hash=sha256:16b65ea0f2465b6fb52aa22de5eca612aa964ddfec00a912e26f4656cbef890b \
    --hash=sha256:19ac87f93086ce37b86e098888555c4b4bc48102279bae3350098c0ed664b501 \
    --hash=sha256:21e764fd1e70b6a3e205a0e46f3051701f98a8cb3fad66eeb80e48bb502f8698 \
    --hash=sha256:32286a2c8d167e897177b673176c1e3e00d4057caf5d2b64eef9a3666b03018e \
    --hash=sha256:33bdcc2a32c0a0e861f60841a512c8acc658c87c2ac59d89e3a46dacf7d866e4 \
    --hash=sha256:40a126142a56b2dfc0aacbad1de8310cbf60da7656db0e6b16eebd48e3e93519 \
    --hash=sha256:416c229f77e5ea25b3dfd4b582f8d73d7e43c22320302b9ab128a2d3a0b38efe \
    --hash=sha256:440eede837960000d74978f0eba527be106b5b9aee0daf779d395276ed0b0614 \
    --hash=sha256:4d1c96a7a18b9690a4d46df09e3e3382406ae3213727cd1019ebade1c4a81917 \
    --hash=sha256:51307f5c71007673a2bf8232ad973483d281e74cb99c8c5a990af1eefa6277d9 \
    --hash=sha256:51447e9aa2684679af07ca5021c3db526e0284347ebf4ffcec1154c3350cfe32 \
    --hash=sha256:5b10cd92fc5c498b35a8635df6d5a100207f88b63a4dc1de7ef9a548e1e2cd63 \
    --hash=sha256:609b3ba8fcc0fb5ab7af00719d0fb6ad0cb518e48e7712d12fd68f1327951198 \
    --hash=sha256:611057cc5d5c0afc743ba8be6bd828c17e0aaa8643f9d0a9b9bb7dea80eb8012 \
    --hash=sha256:673611bbd43f0810bec0b0f028ddeaaa501190339cac411f347ac76917c3ae7b \
    --hash=sha256:68e5f26a1ad57ded6d1cfb85331d1c1a195314756471d97758c48498bb4dcdf5 \
    --hash=sha256:69b157c5d3292bcd443faca052f3096f637f1e074b98212a933c074ae23dc3b8 \
    --hash=sha256:75286256590a6320cf106a0d28970d3560aad9ee09aa7b34fb40524792436d35 \
    --hash=sha256:83aed2c10721ddd90f68140685391b50811a880af20654c59af6b6c66c40513c \
    --hash=sha256:84fd18bcc17526fc2b3c1af7d2b9217d32c9c04448c16ec693b9b4f1985c3d33 \
    --hash=sha256:898f0e9068ca27d37f8e83a5b962821df851532e6c4a7d615c1c033f9da6eedf \
    --hash=sha256:8a79d9f4d8001473a30c163556b3c3bfebec837495a412dde78b51672f6134f9 \
    --hash=sha256:9b8e0f3107e2200b76f6054de99016eac3ee6762713587b36baaa7e4bd2ae177 \
    --hash=sha256:a4cfde78a9f2880208d16a93b795726a3017d5977e08d1e162a7a31322479c41 \
    --hash=sha256:a4fbdde9dd4a9ce5fd52c2b3a347bb50cc89483ef783f1cb00d408c13f7a96c0 \
    --hash=sha256:bd47ba7fc3ca94896759ea0109775132d3e7ab921fbf54038e1bab2e46c313c9 \
    --hash=sha256:c1c948747b03be832dceed96ca815cef7360de9aa19d37c730f8e3f6101aca48 \
    --hash=sha256:c25fe15c70c59eb7c5ce8c06a1f3fa1da0ecc5ea1e7a5922c40fd2fa9b0d5046 \
    --hash=sha256:cc1b0fff8ead343dae06305f954eb8468ba0ec1a97881f42489d198e4ce3c632 \
    --hash=sha256:cd6c3d4b783c556fa00bf540854e42f135e2f256abd29669fcd0da0f2dec79c2 \
    --hash=sha256:d4d6fcde76f94f5cb9e43e9e9a61f16dacefd228cbbf6f1a09bd9b219a92f1a1 \
    --hash=sha256:df115d4d83168fdf2cae48ef1ff6d1cb4c466364e30861b37121de0f3bf1b990 \
    --hash=sha256:e4fd89cc178bced6ad29cb3e6dd4aa63fa5017c3524dbd0b25998fb64a87cc8b \
    --hash=sha256:ee2f2a527e3c1a6e6411eb4209642e138b544a2d72fe5d0d76daf77b24063534 \
    --hash=sha256:f7fb7d750cfa0a070d2c24e831fd3481019a60dd317ea2b39acbcebc08b6ed81 \
    --hash=sha256:f840ed6d8ecba8255df8c42b87fadeda98ddfc6eeec05e2dc66e26d46dd6f58a \
    --hash=sha256:f86c6358749bd4fda175388691e3ba8c46e24c5347d0afd20f9b7edfc9faf07d \
    --hash=sha256:fa36ec09ef71d158186bc79e359ff5fdd6e7996fe8ab638f00d6b93139ba4fcf \
    --hash=sha256:fe2c7201c642b7c308f1675355ad7ff7b66acfe3541625efe5a3ad38f29d6115
cryptography==50.0.0 \
    --hash=sha256:031e2d5dd4bb9caa3ca9c82e5a197fd8ae680232cee62603d1a813f3f07e3d03 \
    --hash=sha256:06a32a980526a6ab9a4b9bf8f7385800791e2bb960903cb6b530e4817509a3b7 \
    --hash=sha256:07949c449a1abcf60d1ee6e88956d89404c7df3c8258f46589e912988e551987 \
    --hash=sha256:105110f43a471dbd0060b9c9516cb8a6a79233631a04cc2ba16f28323ac6e025 \
    --hash=sha256:11b74db56cdbe3cdee6e3f6982ecb70334fa10dce99ed58bf7894aaaa3b2a037 \
    --hash=sha256:12b9c6996425c76ea6c457ace4f3073e715b8c545add07cd1a8f3a4f90691269 \
    --hash=sha256:1489e263a8048bb8b6a8bac662eb2d402ea5d2b7b4699b72f385f1e2772db105 \
    --hash=sha256:19736989797678c6af1e55cd49055cdbcb55d8f6b5583ac5335f933aba9101dc \
    --hash=sha256:1b4a266766514614f8aa60416e71f2fc6e575d36e7bdc90f644fadb2f4b75b95 \
    --hash=sha256:2a8183b489dc1f7f80f135780fadc1108f14b31b8a40411c7a5b17425f65f28b \
    --hash=sha256:37fdb0d0111f1e2ff07139dfb79f1b49531f8e213c46f1163dd7642979b58c47 \
    --hash=sha256:3f5735ffe4996d28b809371756219f5354864902a3b9e7c0b9ee87041209fc9c \
    --hash=sha256:49e7d93abdbd2990caced757e5fade25302f719c3c8fb6e6fff2dde98999fc41 \
    --hash=sha256:65c2c3add92b45fd0709db8594536aea39c2a67af0e27ffcf049c498501140b7 \
    --hash=sha256:6ba6a53445bd3cfa809ef3ef5f1589aa6ba08784a1d962bf47d0940e871dab1c \
    --hash=sha256:6e7d61120573a7f2cd94cc095f9e81f6967c61ccdf194285aa143ecec8e0b708 \
    --hash=sha256:7cec5b856506da6defb290f30c9ee687d5f5e8cb0bd3f6459dde43b0b4fa40ef \
    --hash=sha256:80b63928fa35083b33966ce1efb70e5b9607181e49dcd1c22c8c005e319f667f \
    --hash=sha256:82148ec5bddac30b51a5b3c1945075f896fa022cb93f8e4a01e9f6ee95292c5f \
    --hash=sha256:828743d939e9629bc267b8e2d08d8bb67cd4319c771a33d4b18b22dd8fb7440a \
    --hash=sha256:8d89f3976b10b4ce31118de72329025f70d2c6ead14a8217c5514dd2c6d5a78f \
    --hash=sha256:900131fafd8aead39ac7dd3a7e833be754c17a95cfd91221636949fe4eb0aa8a \
    --hash=sha256:910e1d2668e7de9648f2bcee30e180db2a6b15c30f887d7c4c93ddf96e3992e3 \
    --hash=sha256:9aa87839c383bdbab6ef865787a1fb877af8dd03464c4400322726feaaadfc6d \
    --hash=sha256:a1b30560f2acc95aa8b2e06e716a13dbfc97314747b80d9707e307f77b40d6b3 \
    --hash=sha256:a91296cb61e8df6f86d0c19cc4068228da256bf59bf86049fbd821084565327f \
    --hash=sha256:b42a28c1844fd9de8f3f7d540e36b66f3a9c83fceac7170ebc7a6a19edd9dcae \
    --hash=sha256:bd1c592e4d5974f0d08d4888e432157adba757c66da0246918e43677fafa2d30 \
    --hash=sha256:c87f62a3d3b9888ed0fdde100ec06aa61ca9cd44bad9057d1dff9a516b5f5bb9 \
    --hash=sha256:ccdc4a71a4dabae05de219404f9f4abc38e3b58422177ff93d0da05967dafa07 \
    --hash=sha256:d24fead1d4d076e1bfb006dcec392074a3cd8d7b4fc8a595aa64073b2b7a96ba \
    --hash=sha256:d58c3db7cd6eed54e6c06744db55456b65ebd7492ddeae9c1e93cfca7aa857d3 \
    --hash=sha256:d764dcf130c428ef66786f866dd750f53182bc608813489915e9fc106bb0c82f \
    --hash=sha256:df2a58a472f332225671c35b0a830208b86d004f82baa8530fa3782c85646533 \
    --hash=sha256:e722f16708d854fe924790e051061f6704a472c3bac347b6fd88033ea8dd0dc5 \
    --hash=sha256:ecfed7367f965a0328cfbdd70da860f15441f002f613185668c6e6ebf5a0ac11 \
    --hash=sha256:eeac2acb5a20ed25e0ad6d1df9891a520b78b404266b6d11778f25d5d691a6c9 \
    --hash=sha256:f59e38625469987d7ef6d495323c55e7db6c212eaf6112267e0d3b565a2e9c9f \
    --hash=sha256:f89831ef99dd7dd169ab06d63a831adb9e20a87aac6d380266bbda5823349169 \
    --hash=sha256:fd9192b7b70c573d7f214eb1ae35e00d359f6f5e4b27c7e21e30de1fc6204645
defusedxml==0.7.1 \
    --hash=sha256:1bb3032db185915b62d7c6209c5a8792be6a32ab2fedacc84e01b52c51aa3e69 \
    --hash=sha256:a352e7e428770286cc899e2542b6cdaedb2b4953ff269a210103ec58f6198a61
google-api-core==2.34.0 \
    --hash=sha256:98a779fe72de956eb1c9c2f47ff4c4432a668ece1a002ec38bed07ec2698ae59 \
    --hash=sha256:cdf9c67e7ca2402d86ccbfde5f2503fc83e3cc3f58cc78456ae96cad24a6d2de
google-auth==2.56.3 \
    --hash=sha256:40e229fc901f0a305b553050e5fce562d509bee0435be053abfa91582b51b90c \
    --hash=sha256:8ec438808f813ad034535000261eed1067475d229d05bbf4216e78c3f2362e53
google-cloud-core==2.6.1 \
    --hash=sha256:1e044b131f2ae097b92312fa195164b0aeb6dc6a88e00231e1210516314c420c \
    --hash=sha256:2682a8a4474a32f56292fb4bca7fa7e4fb0b4af958f6abfe4bca8d195747fd45
google-cloud-storage==3.13.1 \
    --hash=sha256:98208de6c21e85cecd3eb44551894efff33d98365500e178867d4305854a770a \
    --hash=sha256:a80bf8cac2794808aa61c50c5f769ecbbe2d10331bacd0d69d30e59b14b346b2
google-crc32c==1.8.0 \
    --hash=sha256:3b9776774b24ba76831609ffbabce8cdf6fa2bd5e9df37b594221c7e333a81fa \
    --hash=sha256:3ebb04528e83b2634857f43f9bb8ef5b2bbe7f10f140daeb01b58f972d04736b \
    --hash=sha256:450dc98429d3e33ed2926fc99ee81001928d63460f8538f21a5d6060912a8e27 \
    --hash=sha256:57a50a9035b75643996fbf224d6661e386c7162d1dfdab9bc4ca790947d1007f \
    --hash=sha256:89c17d53d75562edfff86679244830599ee0a48efc216200691de8b02ab6b2b8 \
    --hash=sha256:8b3f68782f3cbd1bce027e48768293072813469af6a61a86f6bb4977a4380f21 \
    --hash=sha256:a428e25fb7691024de47fecfbff7ff957214da51eddded0da0ae0e0f03a2cf79 \
    --hash=sha256:b0d1a7afc6e8e4635564ba8aa5c0548e3173e41b6384d7711a9123165f582de2 \
    --hash=sha256:d511b3153e7011a27ab6ee6bb3a5404a55b994dc1a7322c0b87b29606d9790e2 \
    --hash=sha256:e6584b12cb06796d285d09e33f63309a09368b9d806a551d8036a4207ea43697 \
    --hash=sha256:f4b51844ef67d6cf2e9425983274da75f18b1597bb2c998e1c0a0e8d46f8f651
google-resumable-media==2.10.1 \
    --hash=sha256:224975032ddb73f7ed9e2f0f4cc08ed1b06874c52d48cc8533e3eb72980b21a0 \
    --hash=sha256:4e2cbc704207ddc09f23b1f18e8ef4a4ccbfe0f1768b370e5c969704adbd0a1c
googleapis-common-protos==1.75.1 \
    --hash=sha256:28a1934bcd33b9c9da66ac301a0a4227e3367f095a17d0375cb98f0a09d93b79 \
    --hash=sha256:d3042c6c5a2d4e67113104d6b6818b59b6bd92a197f2a91508e801fe815cf071
h11==0.16.0 \
    --hash=sha256:4e35b956cf45792e4caa5885e69fba00bdbc6ffafbfa020300e549b208ee5ff1 \
    --hash=sha256:63cf8bbe7522de3bf65932fda1d9c2772064ffb3dae62d55932da54b31cb6c86
httpcore==1.0.9 \
    --hash=sha256:2d400746a40668fc9dec9810239072b40b4484b640a8c38fd654a024c7a1bf55 \
    --hash=sha256:6e34463af53fd2ab5d807f399a9b45ea31c3dfa2276f15a2c3f00afff6e176e8
httpx==0.28.1 \
    --hash=sha256:75e98c5f16b0f35b567856f597f06ff2270a374470a5c2392242528e3e3e42fc \
    --hash=sha256:d909fcccc110f8c7faf814ca82a9a4d816bc5a6dbfea25d6591d6985b8ba59ad
idna==3.18 \
    --hash=sha256:7f952cbe720b688055e3f87de14f5c3e5fdaa8bc3928985c4077ca689de849a2 \
    --hash=sha256:ffb385a7e039654cef1ab9ef32c6fafe283c0c0467bba1d9029738ce4a14a848
lxml==6.1.1 \
    --hash=sha256:05a82eb6e1530a64f26225b55cbd178113bd0b5af1c2b625f25e5296742c26d2 \
    --hash=sha256:0b7e8a14c8634bf6f7a568634cb395305a6d964aeb5b7ee32248094bed3a7e2c \
    --hash=sha256:17e0e18d4ad8adbd0399291bc44845b69d9dd68439a3cdebdf35ff902ec05072 \
    --hash=sha256:19607c6bbff2a44cf3fe8250abccd20942d3462473e0a721d01d379ed017e462 \
    --hash=sha256:19b7ab10b210b0b3ad7985d9ac4eb66ab09a90b20fe6e2f7ba55d01a234345d0 \
    --hash=sha256:1d4962d4c66bf830a7e59ed6cfc17d148149898a3aefa8ec6e59763e6e3ed085 \
    --hash=sha256:2a0217714657e023ef4293500f65aa20fce6164c8fd6b08fa5bd4a859fb14b9b \
    --hash=sha256:2c8daa471358dc2d6fcf02165e80ec68f77871a286df95bc5cc3816153b0fd2c \
    --hash=sha256:3483644525531e1d5762b0c44a8e18b6efba321b6dcf8a8952de10b037618bca \
    --hash=sha256:3779def59032b81e44a5f70096ef6bf2082f8d901937dca354474ba09782e245 \
    --hash=sha256:3ab541146f1f6968c462d6c2ac495148e8cdba2f8347700b2141b6ec5a75bf52 \
    --hash=sha256:3fd9728a2735fda14f4e8235830c86b539e9661e849665bf926d3f867943b4bf \
    --hash=sha256:424aa57aca0897eb922aef34395bd1289b3b6f04e6bae20ea123c0c7e333cffc \
    --hash=sha256:47402e62c52ff5988c1e8c6c63177f5708bccf48e366dea4e3dcf1e645e04947 \
    --hash=sha256:4f0dd2f01f9f8a89f565d000e03abcf0a13d692a346c8d22f628d49af098777a \
    --hash=sha256:581d4c8ae690a6609e64862dd6b7c2489635c2d13907fc2b20f2bc200ff1d21e \
    --hash=sha256:58bb955caba94e467d2a96da17660d2d704e0675894cba21ab8a775b8621fd1c \
    --hash=sha256:62aeb7e85b5d60320b9d77eef2e773994e2c0ce10121b277e0a19804e1654a5a \
    --hash=sha256:63876be28efefa04a1df615b46770e82042cce445cfdce55160522f57b231ccb \
    --hash=sha256:649dda677cf3bd6ac9ae14007ba0c824ded8ce5808b53fc7431d9140399118c1 \
    --hash=sha256:68a9198d0fc122d14bb76837de9aa80cf84caed990b5b237f532ed87d3706736 \
    --hash=sha256:70cdfd80589d59e43e18005dd7244e8895e93db8ab6a620b7e23df5445a4e3d2 \
    --hash=sha256:73bc2086f141224ebddb7fc5c6a36ca58b31b94b561e1dfe8e073e3270fad1e7 \
    --hash=sha256:74a9717fd0d82effef5c2854f0d917231d5324b5a3eb7275c43ac9fa32f97a14 \
    --hash=sha256:762ff394d5bd56da0cf034a23dcce4e13923f15321a2adfa2ac00201dc6d3fca \
    --hash=sha256:787b2496d0dbe8cd180984e8d29e3a6f76e7ea34db781cb3bd55e4ba1ef8b4ee \
    --hash=sha256:793033d6c5cdf33a573f910d9bea14ef8f5771820411d118da8e1182edb53d5e \
    --hash=sha256:7d47866cb32fb503450b6edc9df355d10dc49836af2e89901bd6ac6b0896d9d9 \
    --hash=sha256:7f7a92e8583f06b1fd49d01158143b8461cfcd135dcb10ec807270a3051bd603 \
    --hash=sha256:86281fbdd6a8162756f8d603f37e3435bfa38043adb79c6dc6a2dfee065e7525 \
    --hash=sha256:86c89b9d55ebf820ad7c90bc533410f0d098054f293351f10603c0c46ff598f5 \
    --hash=sha256:876e1ff5930ed8bf295ec5ef9a8155e9b6b1876bbf1deed8b3a8069311875a8f \
    --hash=sha256:88d8cb75b9d82858497a5393e3c63cfbf03035225e4b35a49ed7ccb151e4dc0e \
    --hash=sha256:9395002973c827b3ed67db77e6ec09f092919a587022174554096a269378fb13 \
    --hash=sha256:9e36f163528fc50cbef305f02a5fd66d404edf7049cdaff211dbc2cba5a7013e \
    --hash=sha256:9eb9b5a968f6e0f6d640092a567e14529ff8cea2e29d00da6f78a79fa49f013c \
    --hash=sha256:a088f287f7d8275a33c07f2cac6c50b9319309a0200a39e7e75d80c707723099 \
    --hash=sha256:a10bd2fd62e8ce916ececb342f348f190724a098c1faa056fdfb2a22ad5e8660 \
    --hash=sha256:aa49e06d94aba782c6a02eecb7e507969e7e7a41b267f1b359bb35585f295d5b \
    --hash=sha256:aad9aa39483ed8ec44d6d2e59e5b98a0d80676ef0d92f44bfc374836111f62f5 \
    --hash=sha256:ac931cdc9442c1763b8a8f6cd62c0c938737eafc5be75eff88df55fc73bc0d00 \
    --hash=sha256:acd7d70b64c0aae0c7922cca83d288a16f5f6da523637697872253415269baef \
    --hash=sha256:aee395f5d0927f947758b4ec119fd5fc8ec71f07a1c5c52077b30b04c0fa6955 \
    --hash=sha256:b1b963fd8f5caa68e99dfae060d54de1fe9cba899b8718b44a00cdca53c3e590 \
    --hash=sha256:b2d444f2e66624d68e9c6b211e28a76e22fff5fcabcfff4deac18b529b7d4137 \
    --hash=sha256:ba96ae44888e0185281e937633a743ea90d5a196c6000f82565ebb0580012d40 \
    --hash=sha256:c08e5c694306507275f2290073350c4f32e383db15213b2c69e7ff39c1193840 \
    --hash=sha256:c5d7152ec39ca7c402d8fb9bad86140a15b9503bd0c54484e3f1bbe3dd37ceca \
    --hash=sha256:c6ed5141a5c7507cf3ee76bd363b0d6f801e3321adc35b5d825a23115faa5465 \
    --hash=sha256:d34bbf07dbc7ca5970671b1512e928991fb5e9d95365636c9b2d8b4f53af405e \
    --hash=sha256:d49514be2f28d895c38cf9d2b72d7b9a07d00314519f456c0b50b53cfcf4c785 \
    --hash=sha256:e902da4b04e6b52e5893900d4b8ab46068f75f3561f01bf1080957f9fd932ed6 \
    --hash=sha256:eb7c9811bfaa8b1ed5ed319f5d370dfbcaa59d52ea64be2a5a85e18195930354 \
    --hash=sha256:efe0374196335f93b53269acd811b944f2e6bdc88e8894f214bd636455484909 \
    --hash=sha256:f64ec5397ea6a41fc1b4af0380d79b44a755b5531dcaccd9940fb260dca93038
packaging==26.3 \
    --hash=sha256:94edc256424af38762eb31306eed28beb9f0efc50a8837492c9d6fd6004aed79 \
    --hash=sha256:d7193f7c8e4e93f444fde0262bf90af30e16fa0ad0ad44cb553c87339b23cd1c
pikepdf==10.11.0 \
    --hash=sha256:14db784bf380a53bfe0de315aa5e7e9373122988fba1a35966b1a06e53b4835e \
    --hash=sha256:1f791b621cfffba5e9feb2d7323a6c9344505e55150924670e17b15c03067350 \
    --hash=sha256:31a52619eb627a0281a8425c7c2b9164b277a175b1929ba7496a63d3ca518b8c \
    --hash=sha256:49f7f4ef9820205f05254c446e7d069cf9175f78830445f3719edda6c59a6766 \
    --hash=sha256:4bebc59ac74411064e7c97a4036174023e22ccbecd22b78750ab76551eb38988 \
    --hash=sha256:5335bc453b6f567f582b43d3840ccfdc69689d8194c47f43f59acc264bb6da5a \
    --hash=sha256:5bbc18c0186c25a150137998b56079ac6aed4b6a5f4621acd1b88760426f6cdf \
    --hash=sha256:5bfbeda5dd259d0b465ee047d361fcea53eb2019a64cf410519ae969e77796df \
    --hash=sha256:6ef5b8da7decf393e1134893e0266672d58abf3828241f3f0fc558c3f54e2c2f \
    --hash=sha256:82b188d829ac00e036182c70e2c10d82accd49d64f4ae60e3d13207e0ed78fe4 \
    --hash=sha256:832302313a461cc4448b2e5e11fdbd2f3b775798f02f58614a53d2788fda1e37 \
    --hash=sha256:856d82bcca70b850cde34a0cdd8356f71e36837e98d24c43e5c2d9abe7b8a598 \
    --hash=sha256:888f6fe890c71f7d5650e002f992e7dcb92db224e89d5ed62efe71df7bfcee94 \
    --hash=sha256:94c7e095310dcd427579b7fbd95bca6e305ee56ea05b9941385347884d51a861 \
    --hash=sha256:9bea62aae8ca4abac78058f836de4e5aa8b55cd1b7e6b8e1f1e765a5b14f190d \
    --hash=sha256:9c39b07540d3d3024f2a056a636e93cad0b9d3f7f511109b0fe6538fe2d3e9c1 \
    --hash=sha256:a035f17a959a551e62a42f015ea5f1699a3c2875b4c186cf5fd8bb0db45605b9 \
    --hash=sha256:c0e56ac4fd10844c85effe5362b7740002d03c2f9f0647029304588ba4115def \
    --hash=sha256:cd801c8734cd2be03849c199fad5bd74312970ff6e08f2c35138f3906b6b69a9 \
    --hash=sha256:d1e7ca51dae20a1bea0c724a52c380a91e8fc7742b5e98e4aceb8b096aa6c391 \
    --hash=sha256:e8805ef426e7b79707abe5536cc89d4ecc5c3d0778f66ac191f6696568042835 \
    --hash=sha256:fe7eba2eb80eeb93c62e52039e51b329d58f984225fafde83fa5be2a925cdc96
pillow==12.3.0 \
    --hash=sha256:06ff022112bc9cbf83b60f8e028d94ad87b60621706487e65f673de61610ab59 \
    --hash=sha256:0740a512dc522224c77d9aa5a8d70d8b7d73fb91f2c21125d8d025d3b8990e45 \
    --hash=sha256:0847a763afefb695bc912d7c131e7e0632d4edc1d8698f58ddabec8e46b8b6d3 \
    --hash=sha256:0feb2e9d6ad6c9e3c06effe9d00f3f1e618a6643273576b016f591e9315a7139 \
    --hash=sha256:1182d52bc2d5e5d7d0949503aa7e36d12f42205dc287e4883f407b1988820d39 \
    --hash=sha256:164b31cd1a0490ab6efae01aa5df49da7061be0af1b30e035b6e9a1bfe34ee6e \
    --hash=sha256:1657923d2d45afb66526e5b933e5b3052e6bdea196c90d3abb2424e18c77dae8 \
    --hash=sha256:186941b6aef820ad110fb01fb06eb925374dc3a21b17e37ec9a53b250c6fe2d1 \
    --hash=sha256:1cca606cd25738df4ed873d5ad46bbdb3d83b5cbca291f6b4ff13a4df6b0bbe8 \
    --hash=sha256:21900ce7ba264168cd50defae43cd75d25c833ad4ad6e73ffc5596d12e25ac89 \
    --hash=sha256:23aceaa007d6172b02c277f0cd359c79492bbb14f7072b4ede9fbcaf20648130 \
    --hash=sha256:24870b09b224f7ae3c39ed07d10e819d06f8720bc551847b1d623832b5b0e28d \
    --hash=sha256:251bf95b67017e27b13d82f5b326234ca62d70f9cf4c2b9032de2358a3b12c7b \
    --hash=sha256:28ce87c5ab450a9dd970b52e5aca5fe63ed432d18a2eaddd1979a00a1ba24ace \
    --hash=sha256:30f2aa603c41533cc25c05acd0da21636e84a315768feb631c937177db558931 \
    --hash=sha256:3b8182a766685eaa002637e28b4ec8d6b18819a0c71f579bf0dbaa5830297cce \
    --hash=sha256:3edce1d53195db527e0191f84b71d02022de0540bf43a16ed734ed7537b07385 \
    --hash=sha256:446c34dcc4324b084a53b705127dc15717b22c5e140ae0a3c38349d4efec071e \
    --hash=sha256:4998562bf62a445225f22e07c896bb04b35b1b1f2eb6d760584c9c51d7a5f78c \
    --hash=sha256:4b0a7fe987b14c31ebda6083f74f22b561fd3739bc0ac51e019622e3d72668c7 \
    --hash=sha256:4e8c2a84d977f50b9daed6eeaf3baef67d00d5d74d932288f02cb94518ee3ace \
    --hash=sha256:53aa02d20d10c3d814d536aa4e5ac9b84ca0ff5a88377963b085ad6822f93e64 \
    --hash=sha256:571b9fcb07b97ef3a492028fb3d2dc0993ca23a06138b0315286566d29ef718a \
    --hash=sha256:57b3d78c95ba9059768b10e28b813002261d3f3dfc55cc48b0c988f625175827 \
    --hash=sha256:5afb51d599ea772b8365ae807ae557f18bccfe46ab261fd1c2a9ed700fc6eb17 \
    --hash=sha256:6b02afb9b97f65fbca5f31db6a2a3ba21aa93030225f150fa3f249717e938fb4 \
    --hash=sha256:71d6097b330eea8fd15097780c8e89cb1a8ce7838669f48c5bacd6f663dd4701 \
    --hash=sha256:756c768d0c9c2955feb7a56c37ea24aea2e369f8d36a88da270b6a9f19e62b5e \
    --hash=sha256:7a743ff716f746fc19a9557f60dab1600d4613255f8a7aeb3cdde4db7eb15a66 \
    --hash=sha256:8728f216dcdb6e6d555cf971cb34076139ad74b31fc2c14da4fafc741c5f6217 \
    --hash=sha256:877c3f311ff35410f690861c4409e7ccbf0cd2f878e50628a28e5a0bb689e658 \
    --hash=sha256:8cd2f7bdda092d99c9fc2fb7391354f306d01443d22785d0cbfafa2e2c8bb418 \
    --hash=sha256:962864dc93511324d51ddbb5b9f8731bf71675b93ca612a07441896f4688fb8c \
    --hash=sha256:9cf95fe4d0f84c82d282745d9bb08ad9f926efa00be4697e767b814ce40d4330 \
    --hash=sha256:9e881fca225083806662a5c43d627d215f258ff43c890f831966c7d7ba9c7402 \
    --hash=sha256:a45650e8ce7fafffd731db8550230db6b0d306d181a90b67d3e6bca2f1990930 \
    --hash=sha256:a876864214e136f0eb367788dbd7df045f4806801518e2cfe9e13229cfe06d8f \
    --hash=sha256:ae26d61dfa7a47befdc7572b521024e8745f3d809bd95ca9505a7bba9ef849ec \
    --hash=sha256:af8d94b0db561cf68b88a267c5c44b49e134f525d0dc2cb7ed413a66bc23559a \
    --hash=sha256:b629de27fda84b42cde7edef0d85f13b958b47f6e9bbcbba9b673c562a89bd8b \
    --hash=sha256:ba54cfebe86920a559a7c4d6b9050791c20513650a1952ebe3368c7dc70306f8 \
    --hash=sha256:bf16ba1b4d0b6b7c8e534936632270cf70eb00dbe09005bc345b2677b726855c \
    --hash=sha256:cf1845d02ad822a369a49f2bb9345b1614744267682e7a03527dc3bf6eea1777 \
    --hash=sha256:d69141514cc30b774ceea5e3ed3a6635c8d8a96edf664689b890f4089111fb35 \
    --hash=sha256:dc624f6bc473dacdf7ef7eb8678d0d08edf15cd94fad6ae5c7d6cc67a4e4902f \
    --hash=sha256:e158cb00350dc278f3b91551101aa7d12415a66ebf2c91d8d5ac14e56ddd3ad0 \
    --hash=sha256:e795b7eb908249c4e43c7c99fac7c2c75dab0c43566e37db472a355f63693d71 \
    --hash=sha256:e91206ee562682b51b98ef4b26a6ef48fd84e15fd4c4bc5ec768eb641d206838 \
    --hash=sha256:e9871b1ffbfa9656b60aeee92ed5136a5742696006fa322b29ea3d8da0ecc9cf \
    --hash=sha256:e9aeb04d6aef139de265b29683e119b638208f88cf73cdd1658aa07221165321 \
    --hash=sha256:f13c32a3abd6079a66d9526e18dad9b6d280384d49d7c54040cd57b6424041d9 \
    --hash=sha256:f7401aebd7f581d7f83a439d87d474999317ee099218e5ad25d125290990ba65 \
    --hash=sha256:fa4ecea169a355be7a3ade2c783e2ed12f0e40d2c5621cda8b3297faf7fbb9f5 \
    --hash=sha256:fdafc9cce40277e0f7a0feabce0ee50dd2fa1800f3b38015e51296b5e814048d \
    --hash=sha256:fe3cca2e4e8a592be0f269a1ca4835c25199d9f3ce815c8491048f785b0a0198
proto-plus==1.28.3 \
    --hash=sha256:5f91b30dafa6bb38d432c5557a6ee1d35ffd40b4b1e0e3ca27260448560b91d9 \
    --hash=sha256:dc76880b8ee951cca002098574376cf71e055f9f16d9ba6570fb8a06f726d281
protobuf==7.35.1 \
    --hash=sha256:11d6b0ec246892d85215b0a13ca6e0233cf5284b68f0ac02646427f4ff88a799 \
    --hash=sha256:230a75ddfc2de4806e56696ce9640c1cdfdb6543b7cfce98d42a4c0a0e7bdb87 \
    --hash=sha256:24f857477359a85c0c235261b8ba905fd51b2562f4a64ca1df5473f29850cbf6 \
    --hash=sha256:353652e4efd0bca5b5fc2656abf8307ef351f0cf938c9eba09f0e09c20a25c30 \
    --hash=sha256:4bc97768d8fe4ad6743c8a19403e314511ed9f6d13205b687e52421c023ac1b9 \
    --hash=sha256:74758715c53d7158fb76caf4f0cfdacc5329a4b1bb994f865d6cf302d413a1c4 \
    --hash=sha256:b73f9489a4b8b1c9cb1f8ed951c736392592edb24b9d6819f36d2e10b171d5b4 \
    --hash=sha256:ce115a26fe0c39a2c29973d914d327e516a6455464489fe3cd1e51a1b354f81a
pyasn1==0.6.4 \
    --hash=sha256:9c447d8431c947fe4c8febc4ed9e760bc29011a5b01e5c74b67025bd9fb8ce81 \
    --hash=sha256:deda9277cfd454080ec40b207fb6df82206a3a2688735233cdcd8d3d565f088b
pyasn1-modules==0.4.2 \
    --hash=sha256:29253a9207ce32b64c3ac6600edc75368f98473906e8fd1043bd6b5b1de2c14a \
    --hash=sha256:677091de870a80aae844b1ca6134f54652fa2c8c5a52aa396440ac3106e941e6
pycparser==3.0 ; implementation_name != 'PyPy' and platform_python_implementation != 'PyPy' \
    --hash=sha256:600f49d217304a5902ac3c37e1281c9fe94e4d0489de643a9504c5cdfdfc6b29 \
    --hash=sha256:b727414169a36b7d524c1c3e31839a521725078d7b2ff038656844266160a992
pydantic==2.13.4 \
    --hash=sha256:45a282cde31d808236fd7ea9d919b128653c8b38b393d1c4ab335c62924d9aba \
    --hash=sha256:c40756b57adaa8b1efeeced5c196f3f3b7c435f90e84ea7f443901bec8099ef6
pydantic-core==2.46.4 \
    --hash=sha256:0186750b482eefa11d7f435892b09c5c606193ef3375bcf94aa00ae6bfb66262 \
    --hash=sha256:0cbe8b01f948de4286c74cdd6c667aceb38f5c1e26f0693b3983d9d74887c65e \
    --hash=sha256:184c081504d17f1c1066e430e117142b2c77d9448a97f7b65c6ac9fd9aee238d \
    --hash=sha256:1a7dd0b3ee80d90150e3495a3a13ac34dbcbfd4f012996a6a1d8900e91b5c0fb \
    --hash=sha256:2108ba5c1c1eca18030634489dc544844144ee36357f2f9f780b93e7ddbb44b5 \
    --hash=sha256:23ace664830ee0bfe014a0c7bc248b1f7f25ed7ad103852c317624a1083af462 \
    --hash=sha256:2412e734dcb48da14d4e4006b82b46b74f2518b8a26ee7e58c6844a6cd6d03c4 \
    --hash=sha256:29c61fc04a3d840155ff08e475a04809278972fe6aef51e2720554e96367e34b \
    --hash=sha256:372429a130e469c9cd698925ce5fc50940b7a1336b0d82038e63d5bbc4edc519 \
    --hash=sha256:3bf92c5d0e00fefaab325a4d27828fe6b6e2a21848686b5b60d2d9eeb09d76c6 \
    --hash=sha256:3ecbc122d18468d06ca279dc26a8c2e2d5acb10943bb35e36ae92096dc3b5565 \
    --hash=sha256:3fb702cd90b0446a3a1c5e470bfa0dd23c0233b676a9099ddcc964fa6ca13898 \
    --hash=sha256:428e04521a40150c85216fc8b85e8d39fece235a9cf5e383761238c7fa9b96fb \
    --hash=sha256:4fcbe087dbc2068af7eda3aa87634eba216dbda64d1ae73c8684b621d33f6596 \
    --hash=sha256:5855698a4856556d86e8e6cd8434bc3ac0314ee8e12089ae0e143f64c6256e4e \
    --hash=sha256:5a4330cdbc57162e4b3aa303f588ba752257694c9c9be3e7ebb11b4aca659b5d \
    --hash=sha256:5d5902252db0d3cedf8d4a1bc68f70eeb430f7e4c7104c8c476753519b423008 \
    --hash=sha256:617d7e2ca7dcb8c5cf6bcb8c59b8832c94b36196bbf1cbd1bfb56ed341905edd \
    --hash=sha256:62f875393d7f270851f20523dd2e29f082bcc82292d66db2b64ea71f64b6e1c1 \
    --hash=sha256:633147d34cf4550417f12e2b1a0383973bdf5cdfde212cb09e9a581cf10820be \
    --hash=sha256:6b3ace8194b0e5204818c92802dcdca7fc6d88aabbb799d7c795540d9cd6d292 \
    --hash=sha256:7027560ee92211647d0d34e3f7cd6f50da56399d26a9c8ad0da286d3869a53f3 \
    --hash=sha256:7283d57845ecf5a163403eb0702dfc220cc4fbdd18919cb5ccea4f95ee1cdab4 \
    --hash=sha256:7a5f930472650a82629163023e630d160863fce524c616f4e5186e5de9d9a49b \
    --hash=sha256:811ff8e9c313ab425368bcbb36e5c4ebd7108c2bbf4e4089cfbb0b01eff63fac \
    --hash=sha256:82cf5301172168103724d49a1444d3378cb20cdee30b116a1bd6031236298a5d \
    --hash=sha256:85bb3611ff1802f3ee7fdd7dbff26b56f343fb432d57a4728fdd49b6ef35e2f4 \
    --hash=sha256:8daafc69c93ee8a0204506a3b6b30f586ef54028f52aeeeb5c4cfc5184fd5914 \
    --hash=sha256:9551187363ffc0de2a00b2e47c25aeaeb1020b69b668762966df15fc5659dd5a \
    --hash=sha256:97e7cf2be5c77b7d1a9713a05605d49460d02c6078d38d8bef3cbe323c548424 \
    --hash=sha256:9d56801be94b86a9da183e5f3766e6310752b99ff647e38b09a9500d88e46e76 \
    --hash=sha256:9fa8ae11da9e2b3126c6426f147e0fba88d96d65921799bb30c6abd1cb2c97fb \
    --hash=sha256:af8244b2bef6aaad6d92cda81372de7f8c8d36c9f0c3ea36e827c60e7d9467a0 \
    --hash=sha256:b8458003118a712e66286df6a707db01c52c0f52f7db8e4a38f0da1d3b94fc4e \
    --hash=sha256:bfec22eab3c8cc2ceec0248aec886624116dc079afa027ecc8ad4a7e62010f8a \
    --hash=sha256:c1b3f518abeca3aa13c712fd202306e145abf59a18b094a6bafb2d2bbf59192c \
    --hash=sha256:c50f2528cf200c5eed56faf3f4e22fcd5f38c157a8b78576e6ba3168ec35f000 \
    --hash=sha256:c94f0688e7b8d0a67abf40e57a7eaaecd17cc9586706a31b76c031f63df052b4 \
    --hash=sha256:cbaf13819775b7f769bf4a1f066cb6df7a28d4480081a589828ef190226881cd \
    --hash=sha256:cd2213145bcc2ba85884d0ac63d222fece9209678f77b9b4d76f054c561adb28 \
    --hash=sha256:ce5c1d2a8b27468f433ca974829c44060b8097eedc39933e3c206a90ee49c4a9 \
    --hash=sha256:e739fee756ba1010f8bcccb534252e85a35fe45ae92c295a06059ce58b74ccd3 \
    --hash=sha256:e846ae7835bf0703ae43f534ab79a867146dadd59dc9ca5c8b53d5c8f7c9ef02 \
    --hash=sha256:f027324c56cd5406ca49c124b0db10e56c69064fec039acc571c29020cc87c76 \
    --hash=sha256:f99626688942fb746e545232e7726926f3be91b5975f8b55327665fafda991c7 \
    --hash=sha256:fc3e9034a63de20e15e8ade85358bc6efc614008cab72898b4b4952bea0509ff
requests==2.34.2 \
    --hash=sha256:2a0d60c172f83ac6ab31e4554906c0f3b3588d37b5cb939b1c061f4907e278e0 \
    --hash=sha256:f288924cae4e29463698d6d60bc6a4da69c89185ad1e0bcc4104f584e960b9ed
sentry-sdk==2.66.1 \
    --hash=sha256:86002793161d9a95ef04bdd8d442e9bfece5d989b755f05d6360215094a7aff6 \
    --hash=sha256:f882fb08710c5f8bfc603aafa3e901b384009a19cc3f76a572b863392ee81cdc
typing-extensions==4.16.0 \
    --hash=sha256:481caa481374e813c1b176ada14e97f1f67a4539ce9cfeb3f350d78d6370c2e8 \
    --hash=sha256:dc983d19a509c94dba722ee6abd33940f7c05a89e243c47e907eb4db6f1a43e5
typing-inspection==0.4.2 \
    --hash=sha256:4ed1cacbdc298c220f1bd249ed5287caa16f34d44ef4e9c3d0cbad5b521545e7 \
    --hash=sha256:ba561c48a67c5958007083d386c3295464928b01faa735ab8547c5692e87f464
urllib3==2.7.0 \
    --hash=sha256:231e0ec3b63ceb14667c67be60f2f2c40a518cb38b03af60abc813da26505f4c \
    --hash=sha256:9fb4c81ebbb1ce9531cce37674bbc6f1360472bc18ca9a553ede278ef7276897
validibot-shared==0.25.0 \
    --hash=sha256:55a1ffbae03cf829460f8982075fc5dc514c5692c2d89261df2c57ecc4208e40 \
    --hash=sha256:9e8f3a137116ec121f39a5d7170895c1288e3fd363cc3f224b28441430f7e57b
